
Microsoft Visual Studio Solution File, Format Version 12.00
# Visual Studio Version 16
VisualStudioVersion = 16.0.32126.315
MinimumVisualStudioVersion = 10.0.40219.1
Project("{FAE04EC0-301F-11D3-BF4B-00C04F79EFBC}") = "XFSohbet.Android", "XFSohbet\XFSohbet.Android\XFSohbet.Android.csproj", "{1A488EFE-2ADA-4A88-AE9C-2A7E85B4C9E7}"
EndProject
Project("{FAE04EC0-301F-11D3-BF4B-00C04F79EFBC}") = "XFSohbet", "XFSohbet\XFSohbet\XFSohbet.csproj", "{4F14F644-8839-41EB-B9AA-18CBF3B716CE}"
EndProject
Global
	GlobalSection(SolutionConfigurationPlatforms) = preSolution
		Debug|Any CPU = Debug|Any CPU
		Release|Any CPU = Release|Any CPU
	EndGlobalSection
	GlobalSection(ProjectConfigurationPlatforms) = postSolution
		{1A488EFE-2ADA-4A88-AE9C-2A7E85B4C9E7}.Debug|Any CPU.ActiveCfg = Debug|Any CPU
		{1A488EFE-2ADA-4A88-AE9C-2A7E85B4C9E7}.Debug|Any CPU.Build.0 = Debug|Any CPU
		{1A488EFE-2ADA-4A88-AE9C-2A7E85B4C9E7}.Debug|Any CPU.Deploy.0 = Debug|Any CPU
		{1A488EFE-2ADA-4A88-AE9C-2A7E85B4C9E7}.Release|Any CPU.ActiveCfg = Release|Any CPU
		{1A488EFE-2ADA-4A88-AE9C-2A7E85B4C9E7}.Release|Any CPU.Build.0 = Release|Any CPU
		{1A488EFE-2ADA-4A88-AE9C-2A7E85B4C9E7}.Release|Any CPU.Deploy.0 = Release|Any CPU
		{4F14F644-8839-41EB-B9AA-18CBF3B716CE}.Debug|Any CPU.ActiveCfg = Debug|Any CPU
		{4F14F644-8839-41EB-B9AA-18CBF3B716CE}.Debug|Any CPU.Build.0 = Debug|Any CPU
		{4F14F644-8839-41EB-B9AA-18CBF3B716CE}.Debug|Any CPU.Deploy.0 = Debug|Any CPU
		{4F14F644-8839-41EB-B9AA-18CBF3B716CE}.Release|Any CPU.ActiveCfg = Release|Any CPU
		{4F14F644-8839-41EB-B9AA-18CBF3B716CE}.Release|Any CPU.Build.0 = Release|Any CPU
		{4F14F644-8839-41EB-B9AA-18CBF3B716CE}.Release|Any CPU.Deploy.0 = Release|Any CPU
	EndGlobalSection
	GlobalSection(SolutionProperties) = preSolution
		HideSolutionNode = FALSE
	EndGlobalSection
	GlobalSection(ExtensibilityGlobals) = postSolution
		SolutionGuid = {B51B77B2-D476-454D-91AE-4CF8A80ADBFD}
	EndGlobalSection
EndGlobal
